// !$*UTF8*$!
{
	archiveVersion = 1;
	classes = {
	};
	objectVersion = 50;
	objects = {

/* Begin PBXBuildFile section */
		03A396F3263807FA00B622A7 /* AppDelegate.m in Sources */ = {isa = PBXBuildFile; fileRef = 03A396F2263807FA00B622A7 /* AppDelegate.m */; };
		03A396F6263807FA00B622A7 /* SceneDelegate.m in Sources */ = {isa = PBXBuildFile; fileRef = 03A396F5263807FA00B622A7 /* SceneDelegate.m */; };
		03A396F9263807FA00B622A7 /* ViewController.m in Sources */ = {isa = PBXBuildFile; fileRef = 03A396F8263807FA00B622A7 /* ViewController.m */; };
		03A396FC263807FA00B622A7 /* Main.storyboard in Resources */ = {isa = PBXBuildFile; fileRef = 03A396FA263807FA00B622A7 /* Main.storyboard */; };
		03A396FF263807FA00B622A7 /* ___.xcdatamodeld in Sources */ = {isa = PBXBuildFile; fileRef = 03A396FD263807FA00B622A7 /* ___.xcdatamodeld */; };
		03A39701263807FB00B622A7 /* Assets.xcassets in Resources */ = {isa = PBXBuildFile; fileRef = 03A39700263807FB00B622A7 /* Assets.xcassets */; };
		03A39704263807FB00B622A7 /* LaunchScreen.storyboard in Resources */ = {isa = PBXBuildFile; fileRef = 03A39702263807FB00B622A7 /* LaunchScreen.storyboard */; };
		03A39707263807FB00B622A7 /* main.m in Sources */ = {isa = PBXBuildFile; fileRef = 03A39706263807FB00B622A7 /* main.m */; };
		03A39711263807FB00B622A7 /* ___Tests.m in Sources */ = {isa = PBXBuildFile; fileRef = 03A39710263807FB00B622A7 /* ___Tests.m */; };
		03A3971C263807FC00B622A7 /* ___UITests.m in Sources */ = {isa = PBXBuildFile; fileRef = 03A3971B263807FC00B622A7 /* ___UITests.m */; };
/* End PBXBuildFile section */

/* Begin PBXContainerItemProxy section */
		03A3970D263807FB00B622A7 /* PBXContainerItemProxy */ = {
			isa = PBXContainerItemProxy;
			containerPortal = 03A396E6263807FA00B622A7 /* Project object */;
			proxyType = 1;
			remoteGlobalIDString = 03A396ED263807FA00B622A7;
			remoteInfo = "瀑布流";
		};
		03A39718263807FC00B622A7 /* PBXContainerItemProxy */ = {
			isa = PBXContainerItemProxy;
			containerPortal = 03A396E6263807FA00B622A7 /* Project object */;
			proxyType = 1;
			remoteGlobalIDString = 03A396ED263807FA00B622A7;
			remoteInfo = "瀑布流";
		};
/* End PBXContainerItemProxy section */

/* Begin PBXFileReference section */
		03A396EE263807FA00B622A7 /* 瀑布流.app */ = {isa = PBXFileReference; explicitFileType = wrapper.application; includeInIndex = 0; path = "瀑布流.app"; sourceTree = BUILT_PRODUCTS_DIR; };
		03A396F1263807FA00B622A7 /* AppDelegate.h */ = {isa = PBXFileReference; lastKnownFileType = sourcecode.c.h; path = AppDelegate.h; sourceTree = "<group>"; };
		03A396F2263807FA00B622A7 /* AppDelegate.m */ = {isa = PBXFileReference; lastKnownFileType = sourcecode.c.objc; path = AppDelegate.m; sourceTree = "<group>"; };
		03A396F4263807FA00B622A7 /* SceneDelegate.h */ = {isa = PBXFileReference; lastKnownFileType = sourcecode.c.h; path = SceneDelegate.h; sourceTree = "<group>"; };
		03A396F5263807FA00B622A7 /* SceneDelegate.m */ = {isa = PBXFileReference; lastKnownFileType = sourcecode.c.objc; path = SceneDelegate.m; sourceTree = "<group>"; };
		03A396F7263807FA00B622A7 /* ViewController.h */ = {isa = PBXFileReference; lastKnownFileType = sourcecode.c.h; path = ViewController.h; sourceTree = "<group>"; };
		03A396F8263807FA00B622A7 /* ViewController.m */ = {isa = PBXFileReference; lastKnownFileType = sourcecode.c.objc; path = ViewController.m; sourceTree = "<group>"; };
		03A396FB263807FA00B622A7 /* Base */ = {isa = PBXFileReference; lastKnownFileType = file.storyboard; name = Base; path = Base.lproj/Main.storyboard; sourceTree = "<group>"; };
		03A396FE263807FA00B622A7 /* ___.xcdatamodel */ = {isa = PBXFileReference; lastKnownFileType = wrapper.xcdatamodel; path = "___.xcdatamodel"; sourceTree = "<group>"; };
		03A39700263807FB00B622A7 /* Assets.xcassets */ = {isa = PBXFileReference; lastKnownFileType = folder.assetcatalog; path = Assets.xcassets; sourceTree = "<group>"; };
		03A39703263807FB00B622A7 /* Base */ = {isa = PBXFileReference; lastKnownFileType = file.storyboard; name = Base; path = Base.lproj/LaunchScreen.storyboard; sourceTree = "<group>"; };
		03A39705263807FB00B622A7 /* Info.plist */ = {isa = PBXFileReference; lastKnownFileType = text.plist.xml; path = Info.plist; sourceTree = "<group>"; };
		03A39706263807FB00B622A7 /* main.m */ = {isa = PBXFileReference; lastKnownFileType = sourcecode.c.objc; path = main.m; sourceTree = "<group>"; };
		03A3970C263807FB00B622A7 /* 瀑布流Tests.xctest */ = {isa = PBXFileReference; explicitFileType = wrapper.cfbundle; includeInIndex = 0; path = "瀑布流Tests.xctest"; sourceTree = BUILT_PRODUCTS_DIR; };
		03A39710263807FB00B622A7 /* ___Tests.m */ = {isa = PBXFileReference; lastKnownFileType = sourcecode.c.objc; path = "___Tests.m"; sourceTree = "<group>"; };
		03A39712263807FB00B622A7 /* Info.plist */ = {isa = PBXFileReference; lastKnownFileType = text.plist.xml; path = Info.plist; sourceTree = "<group>"; };
		03A39717263807FC00B622A7 /* 瀑布流UITests.xctest */ = {isa = PBXFileReference; explicitFileType = wrapper.cfbundle; includeInIndex = 0; path = "瀑布流UITests.xctest"; sourceTree = BUILT_PRODUCTS_DIR; };
		03A3971B263807FC00B622A7 /* ___UITests.m */ = {isa = PBXFileReference; lastKnownFileType = sourcecode.c.objc; path = "___UITests.m"; sourceTree = "<group>"; };
		03A3971D263807FC00B622A7 /* Info.plist */ = {isa = PBXFileReference; lastKnownFileType = text.plist.xml; path = Info.plist; sourceTree = "<group>"; };
/* End PBXFileReference section */

/* Begin PBXFrameworksBuildPhase section */
		03A396EB263807FA00B622A7 /* Frameworks */ = {
			isa = PBXFrameworksBuildPhase;
			buildActionMask = 2147483647;
			files = (
			);
			runOnlyForDeploymentPostprocessing = 0;
		};
		03A39709263807FB00B622A7 /* Frameworks */ = {
			isa = PBXFrameworksBuildPhase;
			buildActionMask = 2147483647;
			files = (
			);
			runOnlyForDeploymentPostprocessing = 0;
		};
		03A39714263807FC00B622A7 /* Frameworks */ = {
			isa = PBXFrameworksBuildPhase;
			buildActionMask = 2147483647;
			files = (
			);
			runOnlyForDeploymentPostprocessing = 0;
		};
/* End PBXFrameworksBuildPhase section */

/* Begin PBXGroup section */
		03A396E5263807FA00B622A7 = {
			isa = PBXGroup;
			children = (
				03A396F0263807FA00B622A7 /* 瀑布流 */,
				03A3970F263807FB00B622A7 /* 瀑布流Tests */,
				03A3971A263807FC00B622A7 /* 瀑布流UITests */,
				03A396EF263807FA00B622A7 /* Products */,
			);
			sourceTree = "<group>";
		};
		03A396EF263807FA00B622A7 /* Products */ = {
			isa = PBXGroup;
			children = (
				03A396EE263807FA00B622A7 /* 瀑布流.app */,
				03A3970C263807FB00B622A7 /* 瀑布流Tests.xctest */,
				03A39717263807FC00B622A7 /* 瀑布流UITests.xctest */,
			);
			name = Products;
			sourceTree = "<group>";
		};
		03A396F0263807FA00B622A7 /* 瀑布流 */ = {
			isa = PBXGroup;
			children = (
				03A396F1263807FA00B622A7 /* AppDelegate.h */,
				03A396F2263807FA00B622A7 /* AppDelegate.m */,
				03A396F4263807FA00B622A7 /* SceneDelegate.h */,
				03A396F5263807FA00B622A7 /* SceneDelegate.m */,
				03A396F7263807FA00B622A7 /* ViewController.h */,
				03A396F8263807FA00B622A7 /* ViewController.m */,
				03A396FA263807FA00B622A7 /* Main.storyboard */,
				03A39700263807FB00B622A7 /* Assets.xcassets */,
				03A39702263807FB00B622A7 /* LaunchScreen.storyboard */,
				03A39705263807FB00B622A7 /* Info.plist */,
				03A39706263807FB00B622A7 /* main.m */,
				03A396FD263807FA00B622A7 /* ___.xcdatamodeld */,
			);
			path = "瀑布流";
			sourceTree = "<group>";
		};
		03A3970F263807FB00B622A7 /* 瀑布流Tests */ = {
			isa = PBXGroup;
			children = (
				03A39710263807FB00B622A7 /* ___Tests.m */,
				03A39712263807FB00B622A7 /* Info.plist */,
			);
			path = "瀑布流Tests";
			sourceTree = "<group>";
		};
		03A3971A263807FC00B622A7 /* 瀑布流UITests */ = {
			isa = PBXGroup;
			children = (
				03A3971B263807FC00B622A7 /* ___UITests.m */,
				03A3971D263807FC00B622A7 /* Info.plist */,
			);
			path = "瀑布流UITests";
			sourceTree = "<group>";
		};
/* End PBXGroup section */

/* Begin PBXNativeTarget section */
		03A396ED263807FA00B622A7 /* 瀑布流 */ = {
			isa = PBXNativeTarget;
			buildConfigurationList = 03A39720263807FC00B622A7 /* Build configuration list for PBXNativeTarget "瀑布流" */;
			buildPhases = (
				03A396EA263807FA00B622A7 /* Sources */,
				03A396EB263807FA00B622A7 /* Frameworks */,
				03A396EC263807FA00B622A7 /* Resources */,
			);
			buildRules = (
			);
			dependencies = (
			);
			name = "瀑布流";
			productName = "瀑布流";
			productReference = 03A396EE263807FA00B622A7 /* 瀑布流.app */;
			productType = "com.apple.product-type.application";
		};
		03A3970B263807FB00B622A7 /* 瀑布流Tests */ = {
			isa = PBXNativeTarget;
			buildConfigurationList = 03A39723263807FC00B622A7 /* Build configuration list for PBXNativeTarget "瀑布流Tests" */;
			buildPhases = (
				03A39708263807FB00B622A7 /* Sources */,
				03A39709263807FB00B622A7 /* Frameworks */,
				03A3970A263807FB00B622A7 /* Resources */,
			);
			buildRules = (
			);
			dependencies = (
				03A3970E263807FB00B622A7 /* PBXTargetDependency */,
			);
			name = "瀑布流Tests";
			productName = "瀑布流Tests";
			productReference = 03A3970C263807FB00B622A7 /* 瀑布流Tests.xctest */;
			productType = "com.apple.product-type.bundle.unit-test";
		};
		03A39716263807FC00B622A7 /* 瀑布流UITests */ = {
			isa = PBXNativeTarget;
			buildConfigurationList = 03A39726263807FC00B622A7 /* Build configuration list for PBXNativeTarget "瀑布流UITests" */;
			buildPhases = (
				03A39713263807FC00B622A7 /* Sources */,
				03A39714263807FC00B622A7 /* Frameworks */,
				03A39715263807FC00B622A7 /* Resources */,
			);
			buildRules = (
			);
			dependencies = (
				03A39719263807FC00B622A7 /* PBXTargetDependency */,
			);
			name = "瀑布流UITests";
			productName = "瀑布流UITests";
			productReference = 03A39717263807FC00B622A7 /* 瀑布流UITests.xctest */;
			productType = "com.apple.product-type.bundle.ui-testing";
		};
/* End PBXNativeTarget section */

/* Begin PBXProject section */
		03A396E6263807FA00B622A7 /* Project object */ = {
			isa = PBXProject;
			attributes = {
				LastUpgradeCheck = 1230;
				TargetAttributes = {
					03A396ED263807FA00B622A7 = {
						CreatedOnToolsVersion = 12.3;
					};
					03A3970B263807FB00B622A7 = {
						CreatedOnToolsVersion = 12.3;
						TestTargetID = 03A396ED263807FA00B622A7;
					};
					03A39716263807FC00B622A7 = {
						CreatedOnToolsVersion = 12.3;
						TestTargetID = 03A396ED263807FA00B622A7;
					};
				};
			};
			buildConfigurationList = 03A396E9263807FA00B622A7 /* Build configuration list for PBXProject "瀑布流" */;
			compatibilityVersion = "Xcode 9.3";
			developmentRegion = en;
			hasScannedForEncodings = 0;
			knownRegions = (
				en,
				Base,
			);
			mainGroup = 03A396E5263807FA00B622A7;
			productRefGroup = 03A396EF263807FA00B622A7 /* Products */;
			projectDirPath = "";
			projectRoot = "";
			targets = (
				03A396ED263807FA00B622A7 /* 瀑布流 */,
				03A3970B263807FB00B622A7 /* 瀑布流Tests */,
				03A39716263807FC00B622A7 /* 瀑布流UITests */,
			);
		};
/* End PBXProject section */

/* Begin PBXResourcesBuildPhase section */
		03A396EC263807FA00B622A7 /* Resources */ = {
			isa = PBXResourcesBuildPhase;
			buildActionMask = 2147483647;
			files = (
				03A39704263807FB00B622A7 /* LaunchScreen.storyboard in Resources */,
				03A39701263807FB00B622A7 /* Assets.xcassets in Resources */,
				03A396FC263807FA00B622A7 /* Main.storyboard in Resources */,
			);
			runOnlyForDeploymentPostprocessing = 0;
		};
		03A3970A263807FB00B622A7 /* Resources */ = {
			isa = PBXResourcesBuildPhase;
			buildActionMask = 2147483647;
			files = (
			);
			runOnlyForDeploymentPostprocessing = 0;
		};
		03A39715263807FC00B622A7 /* Resources */ = {
			isa = PBXResourcesBuildPhase;
			buildActionMask = 2147483647;
			files = (
			);
			runOnlyForDeploymentPostprocessing = 0;
		};
/* End PBXResourcesBuildPhase section */

/* Begin PBXSourcesBuildPhase section */
		03A396EA263807FA00B622A7 /* Sources */ = {
			isa = PBXSourcesBuildPhase;
			buildActionMask = 2147483647;
			files = (
				03A39707263807FB00B622A7 /* main.m in Sources */,
				03A396F9263807FA00B622A7 /* ViewController.m in Sources */,
				03A396FF263807FA00B622A7 /* ___.xcdatamodeld in Sources */,
				03A396F3263807FA00B622A7 /* AppDelegate.m in Sources */,
				03A396F6263807FA00B622A7 /* SceneDelegate.m in Sources */,
			);
			runOnlyForDeploymentPostprocessing = 0;
		};
		03A39708263807FB00B622A7 /* Sources */ = {
			isa = PBXSourcesBuildPhase;
			buildActionMask = 2147483647;
			files = (
				03A39711263807FB00B622A7 /* ___Tests.m in Sources */,
			);
			runOnlyForDeploymentPostprocessing = 0;
		};
		03A39713263807FC00B622A7 /* Sources */ = {
			isa = PBXSourcesBuildPhase;
			buildActionMask = 2147483647;
			files = (
				03A3971C263807FC00B622A7 /* ___UITests.m in Sources */,
			);
			runOnlyForDeploymentPostprocessing = 0;
		};
/* End PBXSourcesBuildPhase section */

/* Begin PBXTargetDependency section */
		03A3970E263807FB00B622A7 /* PBXTargetDependency */ = {
			isa = PBXTargetDependency;
			target = 03A396ED263807FA00B622A7 /* 瀑布流 */;
			targetProxy = 03A3970D263807FB00B622A7 /* PBXContainerItemProxy */;
		};
		03A39719263807FC00B622A7 /* PBXTargetDependency */ = {
			isa = PBXTargetDependency;
			target = 03A396ED263807FA00B622A7 /* 瀑布流 */;
			targetProxy = 03A39718263807FC00B622A7 /* PBXContainerItemProxy */;
		};
/* End PBXTargetDependency section */

/* Begin PBXVariantGroup section */
		03A396FA263807FA00B622A7 /* Main.storyboard */ = {
			isa = PBXVariantGroup;
			children = (
				03A396FB263807FA00B622A7 /* Base */,
			);
			name = Main.storyboard;
			sourceTree = "<group>";
		};
		03A39702263807FB00B622A7 /* LaunchScreen.storyboard */ = {
			isa = PBXVariantGroup;
			children = (
				03A39703263807FB00B622A7 /* Base */,
			);
			name = LaunchScreen.storyboard;
			sourceTree = "<group>";
		};
/* End PBXVariantGroup section */

/* Begin XCBuildConfiguration section */
		03A3971E263807FC00B622A7 /* Debug */ = {
			isa = XCBuildConfiguration;
			buildSettings = {
				ALWAYS_SEARCH_USER_PATHS = NO;
				CLANG_ANALYZER_NONNULL = YES;
				CLANG_ANALYZER_NUMBER_OBJECT_CONVERSION = YES_AGGRESSIVE;
				CLANG_CXX_LANGUAGE_STANDARD = "gnu++14";
				CLANG_CXX_LIBRARY = "libc++";
				CLANG_ENABLE_MODULES = YES;
				CLANG_ENABLE_OBJC_ARC = YES;
				CLANG_ENABLE_OBJC_WEAK = YES;
				CLANG_WARN_BLOCK_CAPTURE_AUTORELEASING = YES;
				CLANG_WARN_BOOL_CONVERSION = YES;
				CLANG_WARN_COMMA = YES;
				CLANG_WARN_CONSTANT_CONVERSION = YES;
				CLANG_WARN_DEPRECATED_OBJC_IMPLEMENTATIONS = YES;
				CLANG_WARN_DIRECT_OBJC_ISA_USAGE = YES_ERROR;
				CLANG_WARN_DOCUMENTATION_COMMENTS = YES;
				CLANG_WARN_EMPTY_BODY = YES;
				CLANG_WARN_ENUM_CONVERSION = YES;
				CLANG_WARN_INFINITE_RECURSION = YES;
				CLANG_WARN_INT_CONVERSION = YES;
				CLANG_WARN_NON_LITERAL_NULL_CONVERSION = YES;
				CLANG_WARN_OBJC_IMPLICIT_RETAIN_SELF = YES;
				CLANG_WARN_OBJC_LITERAL_CONVERSION = YES;
				CLANG_WARN_OBJC_ROOT_CLASS = YES_ERROR;
				CLANG_WARN_QUOTED_INCLUDE_IN_FRAMEWORK_HEADER = YES;
				CLANG_WARN_RANGE_LOOP_ANALYSIS = YES;
				CLANG_WARN_STRICT_PROTOTYPES = YES;
				CLANG_WARN_SUSPICIOUS_MOVE = YES;
				CLANG_WARN_UNGUARDED_AVAILABILITY = YES_AGGRESSIVE;
				CLANG_WARN_UNREACHABLE_CODE = YES;
				CLANG_WARN__DUPLICATE_METHOD_MATCH = YES;
				COPY_PHASE_STRIP = NO;
				DEBUG_INFORMATION_FORMAT = dwarf;
				ENABLE_STRICT_OBJC_MSGSEND = YES;
				ENABLE_TESTABILITY = YES;
				GCC_C_LANGUAGE_STANDARD = gnu11;
				GCC_DYNAMIC_NO_PIC = NO;
				GCC_NO_COMMON_BLOCKS = YES;
				GCC_OPTIMIZATION_LEVEL = 0;
				GCC_PREPROCESSOR_DEFINITIONS = (
					"DEBUG=1",
					"$(inherited)",
				);
				GCC_WARN_64_TO_32_BIT_CONVERSION = YES;
				GCC_WARN_ABOUT_RETURN_TYPE = YES_ERROR;
				GCC_WARN_UNDECLARED_SELECTOR = YES;
				GCC_WARN_UNINITIALIZED_AUTOS = YES_AGGRESSIVE;
				GCC_WARN_UNUSED_FUNCTION = YES;
				GCC_WARN_UNUSED_VARIABLE = YES;
				IPHONEOS_DEPLOYMENT_TARGET = 14.3;
				MTL_ENABLE_DEBUG_INFO = INCLUDE_SOURCE;
				MTL_FAST_MATH = YES;
				ONLY_ACTIVE_ARCH = YES;
				SDKROOT = iphoneos;
			};
			name = Debug;
		};
		03A3971F263807FC00B622A7 /* Release */ = {
			isa = XCBuildConfiguration;
			buildSettings = {
				ALWAYS_SEARCH_USER_PATHS = NO;
				CLANG_ANALYZER_NONNULL = YES;
				CLANG_ANALYZER_NUMBER_OBJECT_CONVERSION = YES_AGGRESSIVE;
				CLANG_CXX_LANGUAGE_STANDARD = "gnu++14";
				CLANG_CXX_LIBRARY = "libc++";
				CLANG_ENABLE_MODULES = YES;
				CLANG_ENABLE_OBJC_ARC = YES;
				CLANG_ENABLE_OBJC_WEAK = YES;
				CLANG_WARN_BLOCK_CAPTURE_AUTORELEASING = YES;
				CLANG_WARN_BOOL_CONVERSION = YES;
				CLANG_WARN_COMMA = YES;
				CLANG_WARN_CONSTANT_CONVERSION = YES;
				CLANG_WARN_DEPRECATED_OBJC_IMPLEMENTATIONS = YES;
				CLANG_WARN_DIRECT_OBJC_ISA_USAGE = YES_ERROR;
				CLANG_WARN_DOCUMENTATION_COMMENTS = YES;
				CLANG_WARN_EMPTY_BODY = YES;
				CLANG_WARN_ENUM_CONVERSION = YES;
				CLANG_WARN_INFINITE_RECURSION = YES;
				CLANG_WARN_INT_CONVERSION = YES;
				CLANG_WARN_NON_LITERAL_NULL_CONVERSION = YES;
				CLANG_WARN_OBJC_IMPLICIT_RETAIN_SELF = YES;
				CLANG_WARN_OBJC_LITERAL_CONVERSION = YES;
				CLANG_WARN_OBJC_ROOT_CLASS = YES_ERROR;
				CLANG_WARN_QUOTED_INCLUDE_IN_FRAMEWORK_HEADER = YES;
				CLANG_WARN_RANGE_LOOP_ANALYSIS = YES;
				CLANG_WARN_STRICT_PROTOTYPES = YES;
				CLANG_WARN_SUSPICIOUS_MOVE = YES;
				CLANG_WARN_UNGUARDED_AVAILABILITY = YES_AGGRESSIVE;
				CLANG_WARN_UNREACHABLE_CODE = YES;
				CLANG_WARN__DUPLICATE_METHOD_MATCH = YES;
				COPY_PHASE_STRIP = NO;
				DEBUG_INFORMATION_FORMAT = "dwarf-with-dsym";
				ENABLE_NS_ASSERTIONS = NO;
				ENABLE_STRICT_OBJC_MSGSEND = YES;
				GCC_C_LANGUAGE_STANDARD = gnu11;
				GCC_NO_COMMON_BLOCKS = YES;
				GCC_WARN_64_TO_32_BIT_CONVERSION = YES;
				GCC_WARN_ABOUT_RETURN_TYPE = YES_ERROR;
				GCC_WARN_UNDECLARED_SELECTOR = YES;
				GCC_WARN_UNINITIALIZED_AUTOS = YES_AGGRESSIVE;
				GCC_WARN_UNUSED_FUNCTION = YES;
				GCC_WARN_UNUSED_VARIABLE = YES;
				IPHONEOS_DEPLOYMENT_TARGET = 14.3;
				MTL_ENABLE_DEBUG_INFO = NO;
				MTL_FAST_MATH = YES;
				SDKROOT = iphoneos;
				VALIDATE_PRODUCT = YES;
			};
			name = Release;
		};
		03A39721263807FC00B622A7 /* Debug */ = {
			isa = XCBuildConfiguration;
			buildSettings = {
				ASSETCATALOG_COMPILER_APPICON_NAME = AppIcon;
				ASSETCATALOG_COMPILER_GLOBAL_ACCENT_COLOR_NAME = AccentColor;
				CODE_SIGN_STYLE = Automatic;
				INFOPLIST_FILE = "瀑布流/Info.plist";
				LD_RUNPATH_SEARCH_PATHS = (
					"$(inherited)",
					"@executable_path/Frameworks",
				);
				PRODUCT_BUNDLE_IDENTIFIER = "sss.---";
				PRODUCT_NAME = "$(TARGET_NAME)";
				TARGETED_DEVICE_FAMILY = "1,2";
			};
			name = Debug;
		};
		03A39722263807FC00B622A7 /* Release */ = {
			isa = XCBuildConfiguration;
			buildSettings = {
				ASSETCATALOG_COMPILER_APPICON_NAME = AppIcon;
				ASSETCATALOG_COMPILER_GLOBAL_ACCENT_COLOR_NAME = AccentColor;
				CODE_SIGN_STYLE = Automatic;
				INFOPLIST_FILE = "瀑布流/Info.plist";
				LD_RUNPATH_SEARCH_PATHS = (
					"$(inherited)",
					"@executable_path/Frameworks",
				);
				PRODUCT_BUNDLE_IDENTIFIER = "sss.---";
				PRODUCT_NAME = "$(TARGET_NAME)";
				TARGETED_DEVICE_FAMILY = "1,2";
			};
			name = Release;
		};
		03A39724263807FC00B622A7 /* Debug */ = {
			isa = XCBuildConfiguration;
			buildSettings = {
				BUNDLE_LOADER = "$(TEST_HOST)";
				CODE_SIGN_STYLE = Automatic;
				INFOPLIST_FILE = "瀑布流Tests/Info.plist";
				IPHONEOS_DEPLOYMENT_TARGET = 14.3;
				LD_RUNPATH_SEARCH_PATHS = (
					"$(inherited)",
					"@executable_path/Frameworks",
					"@loader_path/Frameworks",
				);
				PRODUCT_BUNDLE_IDENTIFIER = "sss.---Tests";
				PRODUCT_NAME = "$(TARGET_NAME)";
				TARGETED_DEVICE_FAMILY = "1,2";
				TEST_HOST = "$(BUILT_PRODUCTS_DIR)/瀑布流.app/瀑布流";
			};
			name = Debug;
		};
		03A39725263807FC00B622A7 /* Release */ = {
			isa = XCBuildConfiguration;
			buildSettings = {
				BUNDLE_LOADER = "$(TEST_HOST)";
				CODE_SIGN_STYLE = Automatic;
				INFOPLIST_FILE = "瀑布流Tests/Info.plist";
				IPHONEOS_DEPLOYMENT_TARGET = 14.3;
				LD_RUNPATH_SEARCH_PATHS = (
					"$(inherited)",
					"@executable_path/Frameworks",
					"@loader_path/Frameworks",
				);
				PRODUCT_BUNDLE_IDENTIFIER = "sss.---Tests";
				PRODUCT_NAME = "$(TARGET_NAME)";
				TARGETED_DEVICE_FAMILY = "1,2";
				TEST_HOST = "$(BUILT_PRODUCTS_DIR)/瀑布流.app/瀑布流";
			};
			name = Release;
		};
		03A39727263807FC00B622A7 /* Debug */ = {
			isa = XCBuildConfiguration;
			buildSettings = {
				CODE_SIGN_STYLE = Automatic;
				INFOPLIST_FILE = "瀑布流UITests/Info.plist";
				LD_RUNPATH_SEARCH_PATHS = (
					"$(inherited)",
					"@executable_path/Frameworks",
					"@loader_path/Frameworks",
				);
				PRODUCT_BUNDLE_IDENTIFIER = "sss.---UITests";
				PRODUCT_NAME = "$(TARGET_NAME)";
				TARGETED_DEVICE_FAMILY = "1,2";
				TEST_TARGET_NAME = "瀑布流";
			};
			name = Debug;
		};
		03A39728263807FC00B622A7 /* Release */ = {
			isa = XCBuildConfiguration;
			buildSettings = {
				CODE_SIGN_STYLE = Automatic;
				INFOPLIST_FILE = "瀑布流UITests/Info.plist";
				LD_RUNPATH_SEARCH_PATHS = (
					"$(inherited)",
					"@executable_path/Frameworks",
					"@loader_path/Frameworks",
				);
				PRODUCT_BUNDLE_IDENTIFIER = "sss.---UITests";
				PRODUCT_NAME = "$(TARGET_NAME)";
				TARGETED_DEVICE_FAMILY = "1,2";
				TEST_TARGET_NAME = "瀑布流";
			};
			name = Release;
		};
/* End XCBuildConfiguration section */

/* Begin XCConfigurationList section */
		03A396E9263807FA00B622A7 /* Build configuration list for PBXProject "瀑布流" */ = {
			isa = XCConfigurationList;
			buildConfigurations = (
				03A3971E263807FC00B622A7 /* Debug */,
				03A3971F263807FC00B622A7 /* Release */,
			);
			defaultConfigurationIsVisible = 0;
			defaultConfigurationName = Release;
		};
		03A39720263807FC00B622A7 /* Build configuration list for PBXNativeTarget "瀑布流" */ = {
			isa = XCConfigurationList;
			buildConfigurations = (
				03A39721263807FC00B622A7 /* Debug */,
				03A39722263807FC00B622A7 /* Release */,
			);
			defaultConfigurationIsVisible = 0;
			defaultConfigurationName = Release;
		};
		03A39723263807FC00B622A7 /* Build configuration list for PBXNativeTarget "瀑布流Tests" */ = {
			isa = XCConfigurationList;
			buildConfigurations = (
				03A39724263807FC00B622A7 /* Debug */,
				03A39725263807FC00B622A7 /* Release */,
			);
			defaultConfigurationIsVisible = 0;
			defaultConfigurationName = Release;
		};
		03A39726263807FC00B622A7 /* Build configuration list for PBXNativeTarget "瀑布流UITests" */ = {
			isa = XCConfigurationList;
			buildConfigurations = (
				03A39727263807FC00B622A7 /* Debug */,
				03A39728263807FC00B622A7 /* Release */,
			);
			defaultConfigurationIsVisible = 0;
			defaultConfigurationName = Release;
		};
/* End XCConfigurationList section */

/* Begin XCVersionGroup section */
		03A396FD263807FA00B622A7 /* ___.xcdatamodeld */ = {
			isa = XCVersionGroup;
			children = (
				03A396FE263807FA00B622A7 /* ___.xcdatamodel */,
			);
			currentVersion = 03A396FE263807FA00B622A7 /* ___.xcdatamodel */;
			path = "___.xcdatamodeld";
			sourceTree = "<group>";
			versionGroupType = wrapper.xcdatamodel;
		};
/* End XCVersionGroup section */
	};
	rootObject = 03A396E6263807FA00B622A7 /* Project object */;
}
